
Microsoft Visual Studio Solution File, Format Version 12.00
# Visual Studio 2012
Project("{FAE04EC0-301F-11D3-BF4B-00C04F79EFBC}") = "prototype", "prototype\prototype.csproj", "{ABC81BE4-D800-4ACB-BC9C-7F87CB3C116A}"
EndProject
Global
	GlobalSection(SolutionConfigurationPlatforms) = preSolution
		Debug|Any CPU = Debug|Any CPU
		Release|Any CPU = Release|Any CPU
	EndGlobalSection
	GlobalSection(ProjectConfigurationPlatforms) = postSolution
		{ABC81BE4-D800-4ACB-BC9C-7F87CB3C116A}.Debug|Any CPU.ActiveCfg = Debug|Any CPU
		{ABC81BE4-D800-4ACB-BC9C-7F87CB3C116A}.Debug|Any CPU.Build.0 = Debug|Any CPU
		{ABC81BE4-D800-4ACB-BC9C-7F87CB3C116A}.Release|Any CPU.ActiveCfg = Release|Any CPU
		{ABC81BE4-D800-4ACB-BC9C-7F87CB3C116A}.Release|Any CPU.Build.0 = Release|Any CPU
	EndGlobalSection
	GlobalSection(SolutionProperties) = preSolution
		HideSolutionNode = FALSE
	EndGlobalSection
EndGlobal
